Microsoft Visual Studio Solution File, Format Version 12.00
# Visual Studio Version 17
VisualStudioVersion = 17.5.2.0
MinimumVisualStudioVersion = 10.0.40219.1
Project("{FAE04EC0-301F-11D3-BF4B-00C04F79EFBC}") = "FootballBetting", "FootballBetting.csproj", "{90D9A84C-9548-C6A7-C2DE-28E8D535AF54}"
EndProject
Global
	GlobalSection(SolutionConfigurationPlatforms) = preSolution
		Debug|Any CPU = Debug|Any CPU
		Release|Any CPU = Release|Any CPU
	EndGlobalSection
	GlobalSection(ProjectConfigurationPlatforms) = postSolution
		{90D9A84C-9548-C6A7-C2DE-28E8D535AF54}.Debug|Any CPU.ActiveCfg = Debug|Any CPU
		{90D9A84C-9548-C6A7-C2DE-28E8D535AF54}.Debug|Any CPU.Build.0 = Debug|Any CPU
		{90D9A84C-9548-C6A7-C2DE-28E8D535AF54}.Release|Any CPU.ActiveCfg = Release|Any CPU
		{90D9A84C-9548-C6A7-C2DE-28E8D535AF54}.Release|Any CPU.Build.0 = Release|Any CPU
	EndGlobalSection
	GlobalSection(SolutionProperties) = preSolution
		HideSolutionNode = FALSE
	EndGlobalSection
	GlobalSection(ExtensibilityGlobals) = postSolution
		SolutionGuid = {AFE50C59-8E8A-4F6B-8621-94D7D49BADBB}
	EndGlobalSection
EndGlobal
